
Microsoft Visual Studio Solution File, Format Version 11.00
# Visual Studio 2010
# Ranorex Studio 3.1.0.0
Project("{2150E333-8FDC-42A3-9474-1A3956D46DE8}") = "Test_Runners", "Test_Runners", "{AAF3417D-0902-42B7-BD31-2A55C4224E01}"
	ProjectSection(SolutionItems) = postProject
	EndProjectSection
EndProject
Project("{FAE04EC0-301F-11D3-BF4B-00C04F79EFBC}") = "Link_16_Messages", "Link_16_Messages\Link_16_Messages.csproj", "{5D872CE2-5CF7-42F9-9B9F-BF5AD68683BA}"
EndProject
Project("{FAE04EC0-301F-11D3-BF4B-00C04F79EFBC}") = "Install_Setup_V15", "Install_Setup_V15\Install_Setup_V15.csproj", "{F5CB8B05-BBF3-47A0-9B38-2AF5EC827612}"
EndProject
Project("{FAE04EC0-301F-11D3-BF4B-00C04F79EFBC}") = "MIL_STD_6016D", "MIL_STD_6016D\MIL_STD_6016D.csproj", "{95DD29C2-4612-4C58-BE50-1A1CBE2B137C}"
EndProject
Project("{FAE04EC0-301F-11D3-BF4B-00C04F79EFBC}") = "V15_Defects", "V15_Defects\V15_Defects.csproj", "{EF59F3E3-1301-4AC5-B144-78652E4493DD}"
EndProject
Project("{FAE04EC0-301F-11D3-BF4B-00C04F79EFBC}") = "V15_Smoke_Test", "V15_Smoke_Test\V15_Smoke_Test.csproj", "{7DA34377-6F14-40EA-B5B5-095755007CAE}"
EndProject
Project("{FAE04EC0-301F-11D3-BF4B-00C04F79EFBC}") = "Training", "Training\Training.csproj", "{407FA7EA-2876-42C8-9AB1-46B61C2C7B89}"
EndProject
Project("{FAE04EC0-301F-11D3-BF4B-00C04F79EFBC}") = "Link16_Link11_Forwarding", "Link16_Link11_Forwarding\Link16_Link11_Forwarding.csproj", "{30CFE440-AA8B-44A2-B957-7F04E7FB7808}"
EndProject
Project("{FAE04EC0-301F-11D3-BF4B-00C04F79EFBC}") = "SocketTesting", "SocketTesting\SocketTesting.csproj", "{F897D47A-80C0-4614-BB7D-A4804C6D97D9}"
EndProject
Project("{FAE04EC0-301F-11D3-BF4B-00C04F79EFBC}") = "TNAccountability", "TNAccountability\TNAccountability.csproj", "{64A2BD47-4B92-41E3-B077-AC27D1F761B6}"
EndProject
Project("{FAE04EC0-301F-11D3-BF4B-00C04F79EFBC}") = "CommonUtilLib", "CommonUtilLib\CommonUtilLib.csproj", "{77689557-B639-410C-86FB-308D1D590694}"
EndProject
Project("{FAE04EC0-301F-11D3-BF4B-00C04F79EFBC}") = "SystemManagerLib", "SystemManagerLib\SystemManagerLib.csproj", "{0C41898E-56CD-4C3D-A861-433FD1908445}"
EndProject
Project("{FAE04EC0-301F-11D3-BF4B-00C04F79EFBC}") = "ConfigurationWizardLib", "ConfigurationWizardLib\ConfigurationWizardLib.csproj", "{99FB7985-32FC-4069-AAC9-77FC142B62F2}"
EndProject
Project("{FAE04EC0-301F-11D3-BF4B-00C04F79EFBC}") = "TacViewLib", "TacViewLib\TacViewLib.csproj", "{CD6D4B25-620C-4705-8A26-E22D9B59A264}"
EndProject
Project("{FAE04EC0-301F-11D3-BF4B-00C04F79EFBC}") = "TrainingLib", "TrainingLib\TrainingLib.csproj", "{9657BD0E-681D-438E-A1C5-9E71DE69E6B2}"
EndProject
Project("{FAE04EC0-301F-11D3-BF4B-00C04F79EFBC}") = "InstallerLib", "InstallerLib\InstallerLib.csproj", "{40C3E212-7984-4325-B1BF-6AB8145FB0B6}"
EndProject
Global
	GlobalSection(SolutionConfigurationPlatforms) = preSolution
		Debug|x86 = Debug|x86
		Release|x86 = Release|x86
	EndGlobalSection
	GlobalSection(ProjectConfigurationPlatforms) = postSolution
		{F5CB8B05-BBF3-47A0-9B38-2AF5EC827612}.Debug|x86.Build.0 = Debug|x86
		{F5CB8B05-BBF3-47A0-9B38-2AF5EC827612}.Debug|x86.ActiveCfg = Debug|x86
		{F5CB8B05-BBF3-47A0-9B38-2AF5EC827612}.Release|x86.Build.0 = Release|x86
		{F5CB8B05-BBF3-47A0-9B38-2AF5EC827612}.Release|x86.ActiveCfg = Release|x86
		{95DD29C2-4612-4C58-BE50-1A1CBE2B137C}.Debug|x86.Build.0 = Debug|x86
		{95DD29C2-4612-4C58-BE50-1A1CBE2B137C}.Debug|x86.ActiveCfg = Debug|x86
		{95DD29C2-4612-4C58-BE50-1A1CBE2B137C}.Release|x86.Build.0 = Release|x86
		{95DD29C2-4612-4C58-BE50-1A1CBE2B137C}.Release|x86.ActiveCfg = Release|x86
		{EF59F3E3-1301-4AC5-B144-78652E4493DD}.Debug|x86.Build.0 = Debug|x86
		{EF59F3E3-1301-4AC5-B144-78652E4493DD}.Debug|x86.ActiveCfg = Debug|x86
		{EF59F3E3-1301-4AC5-B144-78652E4493DD}.Release|x86.Build.0 = Release|x86
		{EF59F3E3-1301-4AC5-B144-78652E4493DD}.Release|x86.ActiveCfg = Release|x86
		{7DA34377-6F14-40EA-B5B5-095755007CAE}.Debug|x86.Build.0 = Debug|x86
		{7DA34377-6F14-40EA-B5B5-095755007CAE}.Debug|x86.ActiveCfg = Debug|x86
		{7DA34377-6F14-40EA-B5B5-095755007CAE}.Release|x86.Build.0 = Release|x86
		{7DA34377-6F14-40EA-B5B5-095755007CAE}.Release|x86.ActiveCfg = Release|x86
		{407FA7EA-2876-42C8-9AB1-46B61C2C7B89}.Debug|x86.Build.0 = Debug|x86
		{407FA7EA-2876-42C8-9AB1-46B61C2C7B89}.Debug|x86.ActiveCfg = Debug|x86
		{407FA7EA-2876-42C8-9AB1-46B61C2C7B89}.Release|x86.Build.0 = Release|x86
		{407FA7EA-2876-42C8-9AB1-46B61C2C7B89}.Release|x86.ActiveCfg = Release|x86
		{77689557-B639-410C-86FB-308D1D590694}.Debug|x86.Build.0 = Debug|x86
		{77689557-B639-410C-86FB-308D1D590694}.Debug|x86.ActiveCfg = Debug|x86
		{77689557-B639-410C-86FB-308D1D590694}.Release|x86.Build.0 = Release|x86
		{77689557-B639-410C-86FB-308D1D590694}.Release|x86.ActiveCfg = Release|x86
		{0C41898E-56CD-4C3D-A861-433FD1908445}.Debug|x86.Build.0 = Debug|x86
		{0C41898E-56CD-4C3D-A861-433FD1908445}.Debug|x86.ActiveCfg = Debug|x86
		{0C41898E-56CD-4C3D-A861-433FD1908445}.Release|x86.Build.0 = Release|x86
		{0C41898E-56CD-4C3D-A861-433FD1908445}.Release|x86.ActiveCfg = Release|x86
		{99FB7985-32FC-4069-AAC9-77FC142B62F2}.Debug|x86.Build.0 = Debug|x86
		{99FB7985-32FC-4069-AAC9-77FC142B62F2}.Debug|x86.ActiveCfg = Debug|x86
		{99FB7985-32FC-4069-AAC9-77FC142B62F2}.Release|x86.Build.0 = Release|x86
		{99FB7985-32FC-4069-AAC9-77FC142B62F2}.Release|x86.ActiveCfg = Release|x86
		{CD6D4B25-620C-4705-8A26-E22D9B59A264}.Debug|x86.Build.0 = Debug|x86
		{CD6D4B25-620C-4705-8A26-E22D9B59A264}.Debug|x86.ActiveCfg = Debug|x86
		{CD6D4B25-620C-4705-8A26-E22D9B59A264}.Release|x86.Build.0 = Release|x86
		{CD6D4B25-620C-4705-8A26-E22D9B59A264}.Release|x86.ActiveCfg = Release|x86
		{9657BD0E-681D-438E-A1C5-9E71DE69E6B2}.Debug|x86.Build.0 = Debug|x86
		{9657BD0E-681D-438E-A1C5-9E71DE69E6B2}.Debug|x86.ActiveCfg = Debug|x86
		{9657BD0E-681D-438E-A1C5-9E71DE69E6B2}.Release|x86.Build.0 = Release|x86
		{9657BD0E-681D-438E-A1C5-9E71DE69E6B2}.Release|x86.ActiveCfg = Release|x86
		{40C3E212-7984-4325-B1BF-6AB8145FB0B6}.Debug|x86.Build.0 = Debug|x86
		{40C3E212-7984-4325-B1BF-6AB8145FB0B6}.Debug|x86.ActiveCfg = Debug|x86
		{40C3E212-7984-4325-B1BF-6AB8145FB0B6}.Release|x86.Build.0 = Release|x86
		{40C3E212-7984-4325-B1BF-6AB8145FB0B6}.Release|x86.ActiveCfg = Release|x86
		{5D872CE2-5CF7-42F9-9B9F-BF5AD68683BA}.Debug|x86.Build.0 = Debug|x86
		{5D872CE2-5CF7-42F9-9B9F-BF5AD68683BA}.Debug|x86.ActiveCfg = Debug|x86
		{5D872CE2-5CF7-42F9-9B9F-BF5AD68683BA}.Release|x86.Build.0 = Release|x86
		{5D872CE2-5CF7-42F9-9B9F-BF5AD68683BA}.Release|x86.ActiveCfg = Release|x86
		{30CFE440-AA8B-44A2-B957-7F04E7FB7808}.Debug|x86.Build.0 = Debug|x86
		{30CFE440-AA8B-44A2-B957-7F04E7FB7808}.Debug|x86.ActiveCfg = Debug|x86
		{30CFE440-AA8B-44A2-B957-7F04E7FB7808}.Release|x86.Build.0 = Release|x86
		{30CFE440-AA8B-44A2-B957-7F04E7FB7808}.Release|x86.ActiveCfg = Release|x86
		{F897D47A-80C0-4614-BB7D-A4804C6D97D9}.Debug|x86.Build.0 = Debug|x86
		{F897D47A-80C0-4614-BB7D-A4804C6D97D9}.Debug|x86.ActiveCfg = Debug|x86
		{F897D47A-80C0-4614-BB7D-A4804C6D97D9}.Release|x86.Build.0 = Release|x86
		{F897D47A-80C0-4614-BB7D-A4804C6D97D9}.Release|x86.ActiveCfg = Release|x86
		{64A2BD47-4B92-41E3-B077-AC27D1F761B6}.Debug|x86.Build.0 = Debug|x86
		{64A2BD47-4B92-41E3-B077-AC27D1F761B6}.Debug|x86.ActiveCfg = Debug|x86
		{64A2BD47-4B92-41E3-B077-AC27D1F761B6}.Release|x86.Build.0 = Release|x86
		{64A2BD47-4B92-41E3-B077-AC27D1F761B6}.Release|x86.ActiveCfg = Release|x86
	EndGlobalSection
	GlobalSection(NestedProjects) = preSolution
		{64A2BD47-4B92-41E3-B077-AC27D1F761B6} = {AAF3417D-0902-42B7-BD31-2A55C4224E01}
		{F897D47A-80C0-4614-BB7D-A4804C6D97D9} = {AAF3417D-0902-42B7-BD31-2A55C4224E01}
		{30CFE440-AA8B-44A2-B957-7F04E7FB7808} = {AAF3417D-0902-42B7-BD31-2A55C4224E01}
		{407FA7EA-2876-42C8-9AB1-46B61C2C7B89} = {AAF3417D-0902-42B7-BD31-2A55C4224E01}
		{7DA34377-6F14-40EA-B5B5-095755007CAE} = {AAF3417D-0902-42B7-BD31-2A55C4224E01}
		{EF59F3E3-1301-4AC5-B144-78652E4493DD} = {AAF3417D-0902-42B7-BD31-2A55C4224E01}
		{95DD29C2-4612-4C58-BE50-1A1CBE2B137C} = {AAF3417D-0902-42B7-BD31-2A55C4224E01}
		{F5CB8B05-BBF3-47A0-9B38-2AF5EC827612} = {AAF3417D-0902-42B7-BD31-2A55C4224E01}
		{5D872CE2-5CF7-42F9-9B9F-BF5AD68683BA} = {AAF3417D-0902-42B7-BD31-2A55C4224E01}
	EndGlobalSection
EndGlobal
